
Microsoft Visual Studio Solution File, Format Version 10.00
# Visual Studio 2008
Project("{8BC9CEB8-8B4A-11D0-8D11-00A0C91BC942}") = "sqbitree", "sqbitree\sqbitree.vcproj", "{7BCAF2D7-E874-4E15-8C0F-25F6B5095916}"
EndProject
Global
	GlobalSection(SolutionConfigurationPlatforms) = preSolution
		Debug|Win32 = Debug|Win32
		Release|Win32 = Release|Win32
	EndGlobalSection
	GlobalSection(ProjectConfigurationPlatforms) = postSolution
		{7BCAF2D7-E874-4E15-8C0F-25F6B5095916}.Debug|Win32.ActiveCfg = Debug|Win32
		{7BCAF2D7-E874-4E15-8C0F-25F6B5095916}.Debug|Win32.Build.0 = Debug|Win32
		{7BCAF2D7-E874-4E15-8C0F-25F6B5095916}.Release|Win32.ActiveCfg = Release|Win32
		{7BCAF2D7-E874-4E15-8C0F-25F6B5095916}.Release|Win32.Build.0 = Release|Win32
	EndGlobalSection
	GlobalSection(SolutionProperties) = preSolution
		HideSolutionNode = FALSE
	EndGlobalSection
EndGlobal
